
Microsoft Visual Studio Solution File, Format Version 12.00
# Visual Studio 15
VisualStudioVersion = 15.0.28010.2046
MinimumVisualStudioVersion = 10.0.40219.1
Project("{FAE04EC0-301F-11D3-BF4B-00C04F79EFBC}") = "BoxCraftServer", "BoxCraftServer\BoxCraftServer.csproj", "{045903B3-CCCE-40B0-9B8C-B98BAD10CBF7}"
EndProject
Project("{FAE04EC0-301F-11D3-BF4B-00C04F79EFBC}") = "boxcraft", "..\boxcraft\boxcraft.csproj", "{AB1582FF-4F98-4982-80A3-7980E0E310D9}"
EndProject
Project("{FAE04EC0-301F-11D3-BF4B-00C04F79EFBC}") = "d3dx-wrapper", "..\d3dx-wrapper\d3dx-wrapper\d3dx-wrapper.csproj", "{EB83A9B6-F12E-4223-8064-FF3CDFECC1CD}"
EndProject
Global
	GlobalSection(SolutionConfigurationPlatforms) = preSolution
		Debug|Any CPU = Debug|Any CPU
		Release|Any CPU = Release|Any CPU
	EndGlobalSection
	GlobalSection(ProjectConfigurationPlatforms) = postSolution
		{045903B3-CCCE-40B0-9B8C-B98BAD10CBF7}.Debug|Any CPU.ActiveCfg = Debug|Any CPU
		{045903B3-CCCE-40B0-9B8C-B98BAD10CBF7}.Debug|Any CPU.Build.0 = Debug|Any CPU
		{045903B3-CCCE-40B0-9B8C-B98BAD10CBF7}.Release|Any CPU.ActiveCfg = Release|Any CPU
		{045903B3-CCCE-40B0-9B8C-B98BAD10CBF7}.Release|Any CPU.Build.0 = Release|Any CPU
		{AB1582FF-4F98-4982-80A3-7980E0E310D9}.Debug|Any CPU.ActiveCfg = Debug|Any CPU
		{AB1582FF-4F98-4982-80A3-7980E0E310D9}.Debug|Any CPU.Build.0 = Debug|Any CPU
		{AB1582FF-4F98-4982-80A3-7980E0E310D9}.Release|Any CPU.ActiveCfg = Release|Any CPU
		{AB1582FF-4F98-4982-80A3-7980E0E310D9}.Release|Any CPU.Build.0 = Release|Any CPU
		{EB83A9B6-F12E-4223-8064-FF3CDFECC1CD}.Debug|Any CPU.ActiveCfg = Debug|Any CPU
		{EB83A9B6-F12E-4223-8064-FF3CDFECC1CD}.Debug|Any CPU.Build.0 = Debug|Any CPU
		{EB83A9B6-F12E-4223-8064-FF3CDFECC1CD}.Release|Any CPU.ActiveCfg = Release|Any CPU
		{EB83A9B6-F12E-4223-8064-FF3CDFECC1CD}.Release|Any CPU.Build.0 = Release|Any CPU
	EndGlobalSection
	GlobalSection(SolutionProperties) = preSolution
		HideSolutionNode = FALSE
	EndGlobalSection
	GlobalSection(ExtensibilityGlobals) = postSolution
		SolutionGuid = {282DEEDB-561C-48F2-9D27-A0CCB5721316}
	EndGlobalSection
EndGlobal
